
Microsoft Visual Studio Solution File, Format Version 12.00
# Visual Studio Version 17
VisualStudioVersion = 17.0.31903.59
MinimumVisualStudioVersion = 10.0.40219.1
Project("{2150E333-8FDC-42A3-9474-1A3956D46DE8}") = "src", "src", "{5AA6E776-1B1C-407D-83A6-91DE4B9A4F7B}"
EndProject
Project("{2150E333-8FDC-42A3-9474-1A3956D46DE8}") = "test", "test", "{A0BBF7B8-3CF5-4BE1-8C71-3D6FB1CB72FE}"
EndProject
Project("{2150E333-8FDC-42A3-9474-1A3956D46DE8}") = "examples", "examples", "{A65A8801-9663-409E-8226-A9EC572B35F5}"
EndProject
Project("{9A19103F-16F7-4668-BE54-9A1E7A4F7556}") = "Serilog.Sinks.ElmahIo", "src\Serilog.Sinks.ElmahIo\Serilog.Sinks.ElmahIo.csproj", "{A2317307-13D2-4209-9D2F-9430FFDD8A9C}"
EndProject
Project("{9A19103F-16F7-4668-BE54-9A1E7A4F7556}") = "Serilog.Sinks.ElmahIo.Example", "examples\Serilog.Sinks.ElmahIo.Example\Serilog.Sinks.ElmahIo.Example.csproj", "{3E1F69F1-DAA6-4385-A134-8776E6B154E8}"
EndProject
Project("{9A19103F-16F7-4668-BE54-9A1E7A4F7556}") = "Serilog.Sinks.ElmahIo.Tests", "test\Serilog.Sinks.ElmahIo.Tests\Serilog.Sinks.ElmahIo.Tests.csproj", "{A2F260FD-3EFD-4135-919F-594FF7449575}"
EndProject
Project("{2150E333-8FDC-42A3-9474-1A3956D46DE8}") = "Solution Items", "Solution Items", "{341F4A07-F421-40D5-9631-D82A99D99688}"
	ProjectSection(SolutionItems) = preProject
		.github\workflows\build.yml = .github\workflows\build.yml
	EndProjectSection
EndProject
Project("{FAE04EC0-301F-11D3-BF4B-00C04F79EFBC}") = "Serilog.Sinks.ElmahIo.AspNet", "examples\Serilog.Sinks.ElmahIo.AspNet\Serilog.Sinks.ElmahIo.AspNet.csproj", "{F7BD5F31-488F-47BC-A005-AE83F41F8BB9}"
EndProject
Project("{9A19103F-16F7-4668-BE54-9A1E7A4F7556}") = "Serilog.Sinks.ElmahIo.AspNetCore60", "examples\Serilog.Sinks.ElmahIo.AspNetCore60\Serilog.Sinks.ElmahIo.AspNetCore60.csproj", "{308662AE-B26C-49A5-A4D4-5D7DCBADF22F}"
EndProject
Project("{9A19103F-16F7-4668-BE54-9A1E7A4F7556}") = "Serilog.Sinks.ElmahIo.Console70", "examples\Serilog.Sinks.ElmahIo.Console70\Serilog.Sinks.ElmahIo.Console70.csproj", "{6C8F0094-0E75-46F2-A688-D74251A760E2}"
EndProject
Global
	GlobalSection(SolutionConfigurationPlatforms) = preSolution
		Debug|Any CPU = Debug|Any CPU
		Release|Any CPU = Release|Any CPU
	EndGlobalSection
	GlobalSection(ProjectConfigurationPlatforms) = postSolution
		{A2317307-13D2-4209-9D2F-9430FFDD8A9C}.Debug|Any CPU.ActiveCfg = Debug|Any CPU
		{A2317307-13D2-4209-9D2F-9430FFDD8A9C}.Debug|Any CPU.Build.0 = Debug|Any CPU
		{A2317307-13D2-4209-9D2F-9430FFDD8A9C}.Release|Any CPU.ActiveCfg = Release|Any CPU
		{A2317307-13D2-4209-9D2F-9430FFDD8A9C}.Release|Any CPU.Build.0 = Release|Any CPU
		{3E1F69F1-DAA6-4385-A134-8776E6B154E8}.Debug|Any CPU.ActiveCfg = Debug|Any CPU
		{3E1F69F1-DAA6-4385-A134-8776E6B154E8}.Debug|Any CPU.Build.0 = Debug|Any CPU
		{3E1F69F1-DAA6-4385-A134-8776E6B154E8}.Release|Any CPU.ActiveCfg = Release|Any CPU
		{3E1F69F1-DAA6-4385-A134-8776E6B154E8}.Release|Any CPU.Build.0 = Release|Any CPU
		{A2F260FD-3EFD-4135-919F-594FF7449575}.Debug|Any CPU.ActiveCfg = Debug|Any CPU
		{A2F260FD-3EFD-4135-919F-594FF7449575}.Debug|Any CPU.Build.0 = Debug|Any CPU
		{A2F260FD-3EFD-4135-919F-594FF7449575}.Release|Any CPU.ActiveCfg = Release|Any CPU
		{A2F260FD-3EFD-4135-919F-594FF7449575}.Release|Any CPU.Build.0 = Release|Any CPU
		{F7BD5F31-488F-47BC-A005-AE83F41F8BB9}.Debug|Any CPU.ActiveCfg = Debug|Any CPU
		{F7BD5F31-488F-47BC-A005-AE83F41F8BB9}.Debug|Any CPU.Build.0 = Debug|Any CPU
		{F7BD5F31-488F-47BC-A005-AE83F41F8BB9}.Release|Any CPU.ActiveCfg = Release|Any CPU
		{F7BD5F31-488F-47BC-A005-AE83F41F8BB9}.Release|Any CPU.Build.0 = Release|Any CPU
		{308662AE-B26C-49A5-A4D4-5D7DCBADF22F}.Debug|Any CPU.ActiveCfg = Debug|Any CPU
		{308662AE-B26C-49A5-A4D4-5D7DCBADF22F}.Debug|Any CPU.Build.0 = Debug|Any CPU
		{308662AE-B26C-49A5-A4D4-5D7DCBADF22F}.Release|Any CPU.ActiveCfg = Release|Any CPU
		{308662AE-B26C-49A5-A4D4-5D7DCBADF22F}.Release|Any CPU.Build.0 = Release|Any CPU
		{6C8F0094-0E75-46F2-A688-D74251A760E2}.Debug|Any CPU.ActiveCfg = Debug|Any CPU
		{6C8F0094-0E75-46F2-A688-D74251A760E2}.Debug|Any CPU.Build.0 = Debug|Any CPU
		{6C8F0094-0E75-46F2-A688-D74251A760E2}.Release|Any CPU.ActiveCfg = Release|Any CPU
		{6C8F0094-0E75-46F2-A688-D74251A760E2}.Release|Any CPU.Build.0 = Release|Any CPU
	EndGlobalSection
	GlobalSection(SolutionProperties) = preSolution
		HideSolutionNode = FALSE
	EndGlobalSection
	GlobalSection(NestedProjects) = preSolution
		{A2317307-13D2-4209-9D2F-9430FFDD8A9C} = {5AA6E776-1B1C-407D-83A6-91DE4B9A4F7B}
		{3E1F69F1-DAA6-4385-A134-8776E6B154E8} = {A65A8801-9663-409E-8226-A9EC572B35F5}
		{A2F260FD-3EFD-4135-919F-594FF7449575} = {A0BBF7B8-3CF5-4BE1-8C71-3D6FB1CB72FE}
		{F7BD5F31-488F-47BC-A005-AE83F41F8BB9} = {A65A8801-9663-409E-8226-A9EC572B35F5}
		{308662AE-B26C-49A5-A4D4-5D7DCBADF22F} = {A65A8801-9663-409E-8226-A9EC572B35F5}
		{6C8F0094-0E75-46F2-A688-D74251A760E2} = {A65A8801-9663-409E-8226-A9EC572B35F5}
	EndGlobalSection
	GlobalSection(ExtensibilityGlobals) = postSolution
		SolutionGuid = {36EDAAA2-FE9F-4381-89DF-B69E4FE6C34D}
	EndGlobalSection
EndGlobal
